
Microsoft Visual Studio Solution File, Format Version 12.00
# Visual Studio 15
VisualStudioVersion = 15.0.28010.2026
MinimumVisualStudioVersion = 10.0.40219.1
Project("{FAE04EC0-301F-11D3-BF4B-00C04F79EFBC}") = "ProjectManagementSystem.DataAccessLayer", "ProjectManagementSystem.DataAccessLayer\ProjectManagementSystem.DataAccessLayer.csproj", "{C81B74E0-9881-4DB2-8004-EFA585D9F0EC}"
EndProject
Project("{FAE04EC0-301F-11D3-BF4B-00C04F79EFBC}") = "ProjectManagementSystem.DataAccessLayer.Tests", "ProjectManagementSystem.DataAccessLayer.Tests\ProjectManagementSystem.DataAccessLayer.Tests.csproj", "{A4956200-86AE-434F-AE93-8AD08A2F1D83}"
EndProject
Project("{FAE04EC0-301F-11D3-BF4B-00C04F79EFBC}") = "ProjectManagementSystem.Model", "ProjectManagementSystem.Model\ProjectManagementSystem.Model.csproj", "{EF2E3E27-62E2-4A0F-B7A9-8A3E579283B0}"
EndProject
Project("{FAE04EC0-301F-11D3-BF4B-00C04F79EFBC}") = "ProjectManagementSystem.BusinessLogicLayer", "ProjectManagementSystem.BusinessLogicLayer\ProjectManagementSystem.BusinessLogicLayer.csproj", "{D43F9622-534D-4055-862A-585C694D0356}"
EndProject
Project("{FAE04EC0-301F-11D3-BF4B-00C04F79EFBC}") = "ProjectManagementSystem.API", "ProjectManagementSystem.API\ProjectManagementSystem.API.csproj", "{C674375D-9503-4F06-865D-4592D54D3D1D}"
EndProject
Global
	GlobalSection(SolutionConfigurationPlatforms) = preSolution
		Debug|Any CPU = Debug|Any CPU
		Release|Any CPU = Release|Any CPU
	EndGlobalSection
	GlobalSection(ProjectConfigurationPlatforms) = postSolution
		{C81B74E0-9881-4DB2-8004-EFA585D9F0EC}.Debug|Any CPU.ActiveCfg = Debug|Any CPU
		{C81B74E0-9881-4DB2-8004-EFA585D9F0EC}.Debug|Any CPU.Build.0 = Debug|Any CPU
		{C81B74E0-9881-4DB2-8004-EFA585D9F0EC}.Release|Any CPU.ActiveCfg = Release|Any CPU
		{C81B74E0-9881-4DB2-8004-EFA585D9F0EC}.Release|Any CPU.Build.0 = Release|Any CPU
		{A4956200-86AE-434F-AE93-8AD08A2F1D83}.Debug|Any CPU.ActiveCfg = Debug|Any CPU
		{A4956200-86AE-434F-AE93-8AD08A2F1D83}.Debug|Any CPU.Build.0 = Debug|Any CPU
		{A4956200-86AE-434F-AE93-8AD08A2F1D83}.Release|Any CPU.ActiveCfg = Release|Any CPU
		{A4956200-86AE-434F-AE93-8AD08A2F1D83}.Release|Any CPU.Build.0 = Release|Any CPU
		{EF2E3E27-62E2-4A0F-B7A9-8A3E579283B0}.Debug|Any CPU.ActiveCfg = Debug|Any CPU
		{EF2E3E27-62E2-4A0F-B7A9-8A3E579283B0}.Debug|Any CPU.Build.0 = Debug|Any CPU
		{EF2E3E27-62E2-4A0F-B7A9-8A3E579283B0}.Release|Any CPU.ActiveCfg = Release|Any CPU
		{EF2E3E27-62E2-4A0F-B7A9-8A3E579283B0}.Release|Any CPU.Build.0 = Release|Any CPU
		{D43F9622-534D-4055-862A-585C694D0356}.Debug|Any CPU.ActiveCfg = Debug|Any CPU
		{D43F9622-534D-4055-862A-585C694D0356}.Debug|Any CPU.Build.0 = Debug|Any CPU
		{D43F9622-534D-4055-862A-585C694D0356}.Release|Any CPU.ActiveCfg = Release|Any CPU
		{D43F9622-534D-4055-862A-585C694D0356}.Release|Any CPU.Build.0 = Release|Any CPU
		{C674375D-9503-4F06-865D-4592D54D3D1D}.Debug|Any CPU.ActiveCfg = Debug|Any CPU
		{C674375D-9503-4F06-865D-4592D54D3D1D}.Debug|Any CPU.Build.0 = Debug|Any CPU
		{C674375D-9503-4F06-865D-4592D54D3D1D}.Release|Any CPU.ActiveCfg = Release|Any CPU
		{C674375D-9503-4F06-865D-4592D54D3D1D}.Release|Any CPU.Build.0 = Release|Any CPU
	EndGlobalSection
	GlobalSection(SolutionProperties) = preSolution
		HideSolutionNode = FALSE
	EndGlobalSection
	GlobalSection(ExtensibilityGlobals) = postSolution
		SolutionGuid = {E00FC749-4F7A-4F42-8462-EBF6D368F47A}
	EndGlobalSection
EndGlobal
